// !$*UTF8*$!
{
	archiveVersion = 1;
	classes = {
	};
	objectVersion = 55;
	objects = {

/* Begin PBXBuildFile section */
		8BEB63F7287B598B0029A311 /* AppDelegate.swift in Sources */ = {isa = PBXBuildFile; fileRef = 8BEB63F6287B598B0029A311 /* AppDelegate.swift */; };
		8BEB63F9287B598B0029A311 /* SceneDelegate.swift in Sources */ = {isa = PBXBuildFile; fileRef = 8BEB63F8287B598B0029A311 /* SceneDelegate.swift */; };
		8BEB63FB287B598B0029A311 /* ViewController.swift in Sources */ = {isa = PBXBuildFile; fileRef = 8BEB63FA287B598B0029A311 /* ViewController.swift */; };
		8BEB63FE287B598B0029A311 /* Main.storyboard in Resources */ = {isa = PBXBuildFile; fileRef = 8BEB63FC287B598B0029A311 /* Main.storyboard */; };
		8BEB6400287B598E0029A311 /* Assets.xcassets in Resources */ = {isa = PBXBuildFile; fileRef = 8BEB63FF287B598E0029A311 /* Assets.xcassets */; };
		8BEB6403287B598E0029A311 /* LaunchScreen.storyboard in Resources */ = {isa = PBXBuildFile; fileRef = 8BEB6401287B598E0029A311 /* LaunchScreen.storyboard */; };
		8BEB640E287B598E0029A311 /* SimonsVossTests.swift in Sources */ = {isa = PBXBuildFile; fileRef = 8BEB640D287B598E0029A311 /* SimonsVossTests.swift */; };
		8BEB6418287B598E0029A311 /* SimonsVossUITests.swift in Sources */ = {isa = PBXBuildFile; fileRef = 8BEB6417287B598E0029A311 /* SimonsVossUITests.swift */; };
		8BEB641A287B598E0029A311 /* SimonsVossUITestsLaunchTests.swift in Sources */ = {isa = PBXBuildFile; fileRef = 8BEB6419287B598E0029A311 /* SimonsVossUITestsLaunchTests.swift */; };
/* End PBXBuildFile section */

/* Begin PBXContainerItemProxy section */
		8BEB640A287B598E0029A311 /* PBXContainerItemProxy */ = {
			isa = PBXContainerItemProxy;
			containerPortal = 8BEB63EB287B598A0029A311 /* Project object */;
			proxyType = 1;
			remoteGlobalIDString = 8BEB63F2287B598B0029A311;
			remoteInfo = SimonsVoss;
		};
		8BEB6414287B598E0029A311 /* PBXContainerItemProxy */ = {
			isa = PBXContainerItemProxy;
			containerPortal = 8BEB63EB287B598A0029A311 /* Project object */;
			proxyType = 1;
			remoteGlobalIDString = 8BEB63F2287B598B0029A311;
			remoteInfo = SimonsVoss;
		};
/* End PBXContainerItemProxy section */

/* Begin PBXFileReference section */
		8BEB63F3287B598B0029A311 /* SimonsVoss.app */ = {isa = PBXFileReference; explicitFileType = wrapper.application; includeInIndex = 0; path = SimonsVoss.app; sourceTree = BUILT_PRODUCTS_DIR; };
		8BEB63F6287B598B0029A311 /* AppDelegate.swift */ = {isa = PBXFileReference; lastKnownFileType = sourcecode.swift; path = AppDelegate.swift; sourceTree = "<group>"; };
		8BEB63F8287B598B0029A311 /* SceneDelegate.swift */ = {isa = PBXFileReference; lastKnownFileType = sourcecode.swift; path = SceneDelegate.swift; sourceTree = "<group>"; };
		8BEB63FA287B598B0029A311 /* ViewController.swift */ = {isa = PBXFileReference; lastKnownFileType = sourcecode.swift; path = ViewController.swift; sourceTree = "<group>"; };
		8BEB63FD287B598B0029A311 /* Base */ = {isa = PBXFileReference; lastKnownFileType = file.storyboard; name = Base; path = Base.lproj/Main.storyboard; sourceTree = "<group>"; };
		8BEB63FF287B598E0029A311 /* Assets.xcassets */ = {isa = PBXFileReference; lastKnownFileType = folder.assetcatalog; path = Assets.xcassets; sourceTree = "<group>"; };
		8BEB6402287B598E0029A311 /* Base */ = {isa = PBXFileReference; lastKnownFileType = file.storyboard; name = Base; path = Base.lproj/LaunchScreen.storyboard; sourceTree = "<group>"; };
		8BEB6404287B598E0029A311 /* Info.plist */ = {isa = PBXFileReference; lastKnownFileType = text.plist.xml; path = Info.plist; sourceTree = "<group>"; };
		8BEB6409287B598E0029A311 /* SimonsVossTests.xctest */ = {isa = PBXFileReference; explicitFileType = wrapper.cfbundle; includeInIndex = 0; path = SimonsVossTests.xctest; sourceTree = BUILT_PRODUCTS_DIR; };
		8BEB640D287B598E0029A311 /* SimonsVossTests.swift */ = {isa = PBXFileReference; lastKnownFileType = sourcecode.swift; path = SimonsVossTests.swift; sourceTree = "<group>"; };
		8BEB6413287B598E0029A311 /* SimonsVossUITests.xctest */ = {isa = PBXFileReference; explicitFileType = wrapper.cfbundle; includeInIndex = 0; path = SimonsVossUITests.xctest; sourceTree = BUILT_PRODUCTS_DIR; };
		8BEB6417287B598E0029A311 /* SimonsVossUITests.swift */ = {isa = PBXFileReference; lastKnownFileType = sourcecode.swift; path = SimonsVossUITests.swift; sourceTree = "<group>"; };
		8BEB6419287B598E0029A311 /* SimonsVossUITestsLaunchTests.swift */ = {isa = PBXFileReference; lastKnownFileType = sourcecode.swift; path = SimonsVossUITestsLaunchTests.swift; sourceTree = "<group>"; };
/* End PBXFileReference section */

/* Begin PBXFrameworksBuildPhase section */
		8BEB63F0287B598B0029A311 /* Frameworks */ = {
			isa = PBXFrameworksBuildPhase;
			buildActionMask = 2147483647;
			files = (
			);
			runOnlyForDeploymentPostprocessing = 0;
		};
		8BEB6406287B598E0029A311 /* Frameworks */ = {
			isa = PBXFrameworksBuildPhase;
			buildActionMask = 2147483647;
			files = (
			);
			runOnlyForDeploymentPostprocessing = 0;
		};
		8BEB6410287B598E0029A311 /* Frameworks */ = {
			isa = PBXFrameworksBuildPhase;
			buildActionMask = 2147483647;
			files = (
			);
			runOnlyForDeploymentPostprocessing = 0;
		};
/* End PBXFrameworksBuildPhase section */

/* Begin PBXGroup section */
		8BEB63EA287B598A0029A311 = {
			isa = PBXGroup;
			children = (
				8BEB63F5287B598B0029A311 /* SimonsVoss */,
				8BEB640C287B598E0029A311 /* SimonsVossTests */,
				8BEB6416287B598E0029A311 /* SimonsVossUITests */,
				8BEB63F4287B598B0029A311 /* Products */,
			);
			sourceTree = "<group>";
		};
		8BEB63F4287B598B0029A311 /* Products */ = {
			isa = PBXGroup;
			children = (
				8BEB63F3287B598B0029A311 /* SimonsVoss.app */,
				8BEB6409287B598E0029A311 /* SimonsVossTests.xctest */,
				8BEB6413287B598E0029A311 /* SimonsVossUITests.xctest */,
			);
			name = Products;
			sourceTree = "<group>";
		};
		8BEB63F5287B598B0029A311 /* SimonsVoss */ = {
			isa = PBXGroup;
			children = (
				8BEB63F6287B598B0029A311 /* AppDelegate.swift */,
				8BEB63F8287B598B0029A311 /* SceneDelegate.swift */,
				8BEB63FA287B598B0029A311 /* ViewController.swift */,
				8BEB63FC287B598B0029A311 /* Main.storyboard */,
				8BEB63FF287B598E0029A311 /* Assets.xcassets */,
				8BEB6401287B598E0029A311 /* LaunchScreen.storyboard */,
				8BEB6404287B598E0029A311 /* Info.plist */,
			);
			path = SimonsVoss;
			sourceTree = "<group>";
		};
		8BEB640C287B598E0029A311 /* SimonsVossTests */ = {
			isa = PBXGroup;
			children = (
				8BEB640D287B598E0029A311 /* SimonsVossTests.swift */,
			);
			path = SimonsVossTests;
			sourceTree = "<group>";
		};
		8BEB6416287B598E0029A311 /* SimonsVossUITests */ = {
			isa = PBXGroup;
			children = (
				8BEB6417287B598E0029A311 /* SimonsVossUITests.swift */,
				8BEB6419287B598E0029A311 /* SimonsVossUITestsLaunchTests.swift */,
			);
			path = SimonsVossUITests;
			sourceTree = "<group>";
		};
/* End PBXGroup section */

/* Begin PBXNativeTarget section */
		8BEB63F2287B598B0029A311 /* SimonsVoss */ = {
			isa = PBXNativeTarget;
			buildConfigurationList = 8BEB641D287B598E0029A311 /* Build configuration list for PBXNativeTarget "SimonsVoss" */;
			buildPhases = (
				8BEB63EF287B598B0029A311 /* Sources */,
				8BEB63F0287B598B0029A311 /* Frameworks */,
				8BEB63F1287B598B0029A311 /* Resources */,
			);
			buildRules = (
			);
			dependencies = (
			);
			name = SimonsVoss;
			productName = SimonsVoss;
			productReference = 8BEB63F3287B598B0029A311 /* SimonsVoss.app */;
			productType = "com.apple.product-type.application";
		};
		8BEB6408287B598E0029A311 /* SimonsVossTests */ = {
			isa = PBXNativeTarget;
			buildConfigurationList = 8BEB6420287B598E0029A311 /* Build configuration list for PBXNativeTarget "SimonsVossTests" */;
			buildPhases = (
				8BEB6405287B598E0029A311 /* Sources */,
				8BEB6406287B598E0029A311 /* Frameworks */,
				8BEB6407287B598E0029A311 /* Resources */,
			);
			buildRules = (
			);
			dependencies = (
				8BEB640B287B598E0029A311 /* PBXTargetDependency */,
			);
			name = SimonsVossTests;
			productName = SimonsVossTests;
			productReference = 8BEB6409287B598E0029A311 /* SimonsVossTests.xctest */;
			productType = "com.apple.product-type.bundle.unit-test";
		};
		8BEB6412287B598E0029A311 /* SimonsVossUITests */ = {
			isa = PBXNativeTarget;
			buildConfigurationList = 8BEB6423287B598E0029A311 /* Build configuration list for PBXNativeTarget "SimonsVossUITests" */;
			buildPhases = (
				8BEB640F287B598E0029A311 /* Sources */,
				8BEB6410287B598E0029A311 /* Frameworks */,
				8BEB6411287B598E0029A311 /* Resources */,
			);
			buildRules = (
			);
			dependencies = (
				8BEB6415287B598E0029A311 /* PBXTargetDependency */,
			);
			name = SimonsVossUITests;
			productName = SimonsVossUITests;
			productReference = 8BEB6413287B598E0029A311 /* SimonsVossUITests.xctest */;
			productType = "com.apple.product-type.bundle.ui-testing";
		};
/* End PBXNativeTarget section */

/* Begin PBXProject section */
		8BEB63EB287B598A0029A311 /* Project object */ = {
			isa = PBXProject;
			attributes = {
				BuildIndependentTargetsInParallel = 1;
				LastSwiftUpdateCheck = 1320;
				LastUpgradeCheck = 1320;
				TargetAttributes = {
					8BEB63F2287B598B0029A311 = {
						CreatedOnToolsVersion = 13.2.1;
					};
					8BEB6408287B598E0029A311 = {
						CreatedOnToolsVersion = 13.2.1;
						TestTargetID = 8BEB63F2287B598B0029A311;
					};
					8BEB6412287B598E0029A311 = {
						CreatedOnToolsVersion = 13.2.1;
						TestTargetID = 8BEB63F2287B598B0029A311;
					};
				};
			};
			buildConfigurationList = 8BEB63EE287B598A0029A311 /* Build configuration list for PBXProject "SimonsVoss" */;
			compatibilityVersion = "Xcode 13.0";
			developmentRegion = en;
			hasScannedForEncodings = 0;
			knownRegions = (
				en,
				Base,
			);
			mainGroup = 8BEB63EA287B598A0029A311;
			productRefGroup = 8BEB63F4287B598B0029A311 /* Products */;
			projectDirPath = "";
			projectRoot = "";
			targets = (
				8BEB63F2287B598B0029A311 /* SimonsVoss */,
				8BEB6408287B598E0029A311 /* SimonsVossTests */,
				8BEB6412287B598E0029A311 /* SimonsVossUITests */,
			);
		};
/* End PBXProject section */

/* Begin PBXResourcesBuildPhase section */
		8BEB63F1287B598B0029A311 /* Resources */ = {
			isa = PBXResourcesBuildPhase;
			buildActionMask = 2147483647;
			files = (
				8BEB6403287B598E0029A311 /* LaunchScreen.storyboard in Resources */,
				8BEB6400287B598E0029A311 /* Assets.xcassets in Resources */,
				8BEB63FE287B598B0029A311 /* Main.storyboard in Resources */,
			);
			runOnlyForDeploymentPostprocessing = 0;
		};
		8BEB6407287B598E0029A311 /* Resources */ = {
			isa = PBXResourcesBuildPhase;
			buildActionMask = 2147483647;
			files = (
			);
			runOnlyForDeploymentPostprocessing = 0;
		};
		8BEB6411287B598E0029A311 /* Resources */ = {
			isa = PBXResourcesBuildPhase;
			buildActionMask = 2147483647;
			files = (
			);
			runOnlyForDeploymentPostprocessing = 0;
		};
/* End PBXResourcesBuildPhase section */

/* Begin PBXSourcesBuildPhase section */
		8BEB63EF287B598B0029A311 /* Sources */ = {
			isa = PBXSourcesBuildPhase;
			buildActionMask = 2147483647;
			files = (
				8BEB63FB287B598B0029A311 /* ViewController.swift in Sources */,
				8BEB63F7287B598B0029A311 /* AppDelegate.swift in Sources */,
				8BEB63F9287B598B0029A311 /* SceneDelegate.swift in Sources */,
			);
			runOnlyForDeploymentPostprocessing = 0;
		};
		8BEB6405287B598E0029A311 /* Sources */ = {
			isa = PBXSourcesBuildPhase;
			buildActionMask = 2147483647;
			files = (
				8BEB640E287B598E0029A311 /* SimonsVossTests.swift in Sources */,
			);
			runOnlyForDeploymentPostprocessing = 0;
		};
		8BEB640F287B598E0029A311 /* Sources */ = {
			isa = PBXSourcesBuildPhase;
			buildActionMask = 2147483647;
			files = (
				8BEB641A287B598E0029A311 /* SimonsVossUITestsLaunchTests.swift in Sources */,
				8BEB6418287B598E0029A311 /* SimonsVossUITests.swift in Sources */,
			);
			runOnlyForDeploymentPostprocessing = 0;
		};
/* End PBXSourcesBuildPhase section */

/* Begin PBXTargetDependency section */
		8BEB640B287B598E0029A311 /* PBXTargetDependency */ = {
			isa = PBXTargetDependency;
			target = 8BEB63F2287B598B0029A311 /* SimonsVoss */;
			targetProxy = 8BEB640A287B598E0029A311 /* PBXContainerItemProxy */;
		};
		8BEB6415287B598E0029A311 /* PBXTargetDependency */ = {
			isa = PBXTargetDependency;
			target = 8BEB63F2287B598B0029A311 /* SimonsVoss */;
			targetProxy = 8BEB6414287B598E0029A311 /* PBXContainerItemProxy */;
		};
/* End PBXTargetDependency section */

/* Begin PBXVariantGroup section */
		8BEB63FC287B598B0029A311 /* Main.storyboard */ = {
			isa = PBXVariantGroup;
			children = (
				8BEB63FD287B598B0029A311 /* Base */,
			);
			name = Main.storyboard;
			sourceTree = "<group>";
		};
		8BEB6401287B598E0029A311 /* LaunchScreen.storyboard */ = {
			isa = PBXVariantGroup;
			children = (
				8BEB6402287B598E0029A311 /* Base */,
			);
			name = LaunchScreen.storyboard;
			sourceTree = "<group>";
		};
/* End PBXVariantGroup section */

/* Begin XCBuildConfiguration section */
		8BEB641B287B598E0029A311 /* Debug */ = {
			isa = XCBuildConfiguration;
			buildSettings = {
				ALWAYS_SEARCH_USER_PATHS = NO;
				CLANG_ANALYZER_NONNULL = YES;
				CLANG_ANALYZER_NUMBER_OBJECT_CONVERSION = YES_AGGRESSIVE;
				CLANG_CXX_LANGUAGE_STANDARD = "gnu++17";
				CLANG_CXX_LIBRARY = "libc++";
				CLANG_ENABLE_MODULES = YES;
				CLANG_ENABLE_OBJC_ARC = YES;
				CLANG_ENABLE_OBJC_WEAK = YES;
				CLANG_WARN_BLOCK_CAPTURE_AUTORELEASING = YES;
				CLANG_WARN_BOOL_CONVERSION = YES;
				CLANG_WARN_COMMA = YES;
				CLANG_WARN_CONSTANT_CONVERSION = YES;
				CLANG_WARN_DEPRECATED_OBJC_IMPLEMENTATIONS = YES;
				CLANG_WARN_DIRECT_OBJC_ISA_USAGE = YES_ERROR;
				CLANG_WARN_DOCUMENTATION_COMMENTS = YES;
				CLANG_WARN_EMPTY_BODY = YES;
				CLANG_WARN_ENUM_CONVERSION = YES;
				CLANG_WARN_INFINITE_RECURSION = YES;
				CLANG_WARN_INT_CONVERSION = YES;
				CLANG_WARN_NON_LITERAL_NULL_CONVERSION = YES;
				CLANG_WARN_OBJC_IMPLICIT_RETAIN_SELF = YES;
				CLANG_WARN_OBJC_LITERAL_CONVERSION = YES;
				CLANG_WARN_OBJC_ROOT_CLASS = YES_ERROR;
				CLANG_WARN_QUOTED_INCLUDE_IN_FRAMEWORK_HEADER = YES;
				CLANG_WARN_RANGE_LOOP_ANALYSIS = YES;
				CLANG_WARN_STRICT_PROTOTYPES = YES;
				CLANG_WARN_SUSPICIOUS_MOVE = YES;
				CLANG_WARN_UNGUARDED_AVAILABILITY = YES_AGGRESSIVE;
				CLANG_WARN_UNREACHABLE_CODE = YES;
				CLANG_WARN__DUPLICATE_METHOD_MATCH = YES;
				COPY_PHASE_STRIP = NO;
				DEBUG_INFORMATION_FORMAT = dwarf;
				ENABLE_STRICT_OBJC_MSGSEND = YES;
				ENABLE_TESTABILITY = YES;
				GCC_C_LANGUAGE_STANDARD = gnu11;
				GCC_DYNAMIC_NO_PIC = NO;
				GCC_NO_COMMON_BLOCKS = YES;
				GCC_OPTIMIZATION_LEVEL = 0;
				GCC_PREPROCESSOR_DEFINITIONS = (
					"DEBUG=1",
					"$(inherited)",
				);
				GCC_WARN_64_TO_32_BIT_CONVERSION = YES;
				GCC_WARN_ABOUT_RETURN_TYPE = YES_ERROR;
				GCC_WARN_UNDECLARED_SELECTOR = YES;
				GCC_WARN_UNINITIALIZED_AUTOS = YES_AGGRESSIVE;
				GCC_WARN_UNUSED_FUNCTION = YES;
				GCC_WARN_UNUSED_VARIABLE = YES;
				IPHONEOS_DEPLOYMENT_TARGET = 15.2;
				MTL_ENABLE_DEBUG_INFO = INCLUDE_SOURCE;
				MTL_FAST_MATH = YES;
				ONLY_ACTIVE_ARCH = YES;
				SDKROOT = iphoneos;
				SWIFT_ACTIVE_COMPILATION_CONDITIONS = DEBUG;
				SWIFT_OPTIMIZATION_LEVEL = "-Onone";
			};
			name = Debug;
		};
		8BEB641C287B598E0029A311 /* Release */ = {
			isa = XCBuildConfiguration;
			buildSettings = {
				ALWAYS_SEARCH_USER_PATHS = NO;
				CLANG_ANALYZER_NONNULL = YES;
				CLANG_ANALYZER_NUMBER_OBJECT_CONVERSION = YES_AGGRESSIVE;
				CLANG_CXX_LANGUAGE_STANDARD = "gnu++17";
				CLANG_CXX_LIBRARY = "libc++";
				CLANG_ENABLE_MODULES = YES;
				CLANG_ENABLE_OBJC_ARC = YES;
				CLANG_ENABLE_OBJC_WEAK = YES;
				CLANG_WARN_BLOCK_CAPTURE_AUTORELEASING = YES;
				CLANG_WARN_BOOL_CONVERSION = YES;
				CLANG_WARN_COMMA = YES;
				CLANG_WARN_CONSTANT_CONVERSION = YES;
				CLANG_WARN_DEPRECATED_OBJC_IMPLEMENTATIONS = YES;
				CLANG_WARN_DIRECT_OBJC_ISA_USAGE = YES_ERROR;
				CLANG_WARN_DOCUMENTATION_COMMENTS = YES;
				CLANG_WARN_EMPTY_BODY = YES;
				CLANG_WARN_ENUM_CONVERSION = YES;
				CLANG_WARN_INFINITE_RECURSION = YES;
				CLANG_WARN_INT_CONVERSION = YES;
				CLANG_WARN_NON_LITERAL_NULL_CONVERSION = YES;
				CLANG_WARN_OBJC_IMPLICIT_RETAIN_SELF = YES;
				CLANG_WARN_OBJC_LITERAL_CONVERSION = YES;
				CLANG_WARN_OBJC_ROOT_CLASS = YES_ERROR;
				CLANG_WARN_QUOTED_INCLUDE_IN_FRAMEWORK_HEADER = YES;
				CLANG_WARN_RANGE_LOOP_ANALYSIS = YES;
				CLANG_WARN_STRICT_PROTOTYPES = YES;
				CLANG_WARN_SUSPICIOUS_MOVE = YES;
				CLANG_WARN_UNGUARDED_AVAILABILITY = YES_AGGRESSIVE;
				CLANG_WARN_UNREACHABLE_CODE = YES;
				CLANG_WARN__DUPLICATE_METHOD_MATCH = YES;
				COPY_PHASE_STRIP = NO;
				DEBUG_INFORMATION_FORMAT = "dwarf-with-dsym";
				ENABLE_NS_ASSERTIONS = NO;
				ENABLE_STRICT_OBJC_MSGSEND = YES;
				GCC_C_LANGUAGE_STANDARD = gnu11;
				GCC_NO_COMMON_BLOCKS = YES;
				GCC_WARN_64_TO_32_BIT_CONVERSION = YES;
				GCC_WARN_ABOUT_RETURN_TYPE = YES_ERROR;
				GCC_WARN_UNDECLARED_SELECTOR = YES;
				GCC_WARN_UNINITIALIZED_AUTOS = YES_AGGRESSIVE;
				GCC_WARN_UNUSED_FUNCTION = YES;
				GCC_WARN_UNUSED_VARIABLE = YES;
				IPHONEOS_DEPLOYMENT_TARGET = 15.2;
				MTL_ENABLE_DEBUG_INFO = NO;
				MTL_FAST_MATH = YES;
				SDKROOT = iphoneos;
				SWIFT_COMPILATION_MODE = wholemodule;
				SWIFT_OPTIMIZATION_LEVEL = "-O";
				VALIDATE_PRODUCT = YES;
			};
			name = Release;
		};
		8BEB641E287B598E0029A311 /* Debug */ = {
			isa = XCBuildConfiguration;
			buildSettings = {
				ASSETCATALOG_COMPILER_APPICON_NAME = AppIcon;
				ASSETCATALOG_COMPILER_GLOBAL_ACCENT_COLOR_NAME = AccentColor;
				CODE_SIGN_STYLE = Automatic;
				CURRENT_PROJECT_VERSION = 1;
				DEVELOPMENT_TEAM = NCU4JG2P77;
				GENERATE_INFOPLIST_FILE = YES;
				INFOPLIST_FILE = SimonsVoss/Info.plist;
				INFOPLIST_KEY_UIApplicationSupportsIndirectInputEvents = YES;
				INFOPLIST_KEY_UILaunchStoryboardName = LaunchScreen;
				INFOPLIST_KEY_UIMainStoryboardFile = Main;
				INFOPLIST_KEY_UISupportedInterfaceOrientations_iPad = "UIInterfaceOrientationPortrait UIInterfaceOrientationPortraitUpsideDown UIInterfaceOrientationLandscapeLeft UIInterfaceOrientationLandscapeRight";
				INFOPLIST_KEY_UISupportedInterfaceOrientations_iPhone = "UIInterfaceOrientationPortrait UIInterfaceOrientationLandscapeLeft UIInterfaceOrientationLandscapeRight";
				LD_RUNPATH_SEARCH_PATHS = (
					"$(inherited)",
					"@executable_path/Frameworks",
				);
				MARKETING_VERSION = 1.0;
				PRODUCT_BUNDLE_IDENTIFIER = com.simonsvoss.test.SimonsVoss;
				PRODUCT_NAME = "$(TARGET_NAME)";
				SWIFT_EMIT_LOC_STRINGS = YES;
				SWIFT_VERSION = 5.0;
				TARGETED_DEVICE_FAMILY = "1,2";
			};
			name = Debug;
		};
		8BEB641F287B598E0029A311 /* Release */ = {
			isa = XCBuildConfiguration;
			buildSettings = {
				ASSETCATALOG_COMPILER_APPICON_NAME = AppIcon;
				ASSETCATALOG_COMPILER_GLOBAL_ACCENT_COLOR_NAME = AccentColor;
				CODE_SIGN_STYLE = Automatic;
				CURRENT_PROJECT_VERSION = 1;
				DEVELOPMENT_TEAM = NCU4JG2P77;
				GENERATE_INFOPLIST_FILE = YES;
				INFOPLIST_FILE = SimonsVoss/Info.plist;
				INFOPLIST_KEY_UIApplicationSupportsIndirectInputEvents = YES;
				INFOPLIST_KEY_UILaunchStoryboardName = LaunchScreen;
				INFOPLIST_KEY_UIMainStoryboardFile = Main;
				INFOPLIST_KEY_UISupportedInterfaceOrientations_iPad = "UIInterfaceOrientationPortrait UIInterfaceOrientationPortraitUpsideDown UIInterfaceOrientationLandscapeLeft UIInterfaceOrientationLandscapeRight";
				INFOPLIST_KEY_UISupportedInterfaceOrientations_iPhone = "UIInterfaceOrientationPortrait UIInterfaceOrientationLandscapeLeft UIInterfaceOrientationLandscapeRight";
				LD_RUNPATH_SEARCH_PATHS = (
					"$(inherited)",
					"@executable_path/Frameworks",
				);
				MARKETING_VERSION = 1.0;
				PRODUCT_BUNDLE_IDENTIFIER = com.simonsvoss.test.SimonsVoss;
				PRODUCT_NAME = "$(TARGET_NAME)";
				SWIFT_EMIT_LOC_STRINGS = YES;
				SWIFT_VERSION = 5.0;
				TARGETED_DEVICE_FAMILY = "1,2";
			};
			name = Release;
		};
		8BEB6421287B598E0029A311 /* Debug */ = {
			isa = XCBuildConfiguration;
			buildSettings = {
				ALWAYS_EMBED_SWIFT_STANDARD_LIBRARIES = YES;
				BUNDLE_LOADER = "$(TEST_HOST)";
				CODE_SIGN_STYLE = Automatic;
				CURRENT_PROJECT_VERSION = 1;
				DEVELOPMENT_TEAM = NCU4JG2P77;
				GENERATE_INFOPLIST_FILE = YES;
				IPHONEOS_DEPLOYMENT_TARGET = 15.2;
				MARKETING_VERSION = 1.0;
				PRODUCT_BUNDLE_IDENTIFIER = com.simonsvoss.test.SimonsVossTests;
				PRODUCT_NAME = "$(TARGET_NAME)";
				SWIFT_EMIT_LOC_STRINGS = NO;
				SWIFT_VERSION = 5.0;
				TARGETED_DEVICE_FAMILY = "1,2";
				TEST_HOST = "$(BUILT_PRODUCTS_DIR)/SimonsVoss.app/SimonsVoss";
			};
			name = Debug;
		};
		8BEB6422287B598E0029A311 /* Release */ = {
			isa = XCBuildConfiguration;
			buildSettings = {
				ALWAYS_EMBED_SWIFT_STANDARD_LIBRARIES = YES;
				BUNDLE_LOADER = "$(TEST_HOST)";
				CODE_SIGN_STYLE = Automatic;
				CURRENT_PROJECT_VERSION = 1;
				DEVELOPMENT_TEAM = NCU4JG2P77;
				GENERATE_INFOPLIST_FILE = YES;
				IPHONEOS_DEPLOYMENT_TARGET = 15.2;
				MARKETING_VERSION = 1.0;
				PRODUCT_BUNDLE_IDENTIFIER = com.simonsvoss.test.SimonsVossTests;
				PRODUCT_NAME = "$(TARGET_NAME)";
				SWIFT_EMIT_LOC_STRINGS = NO;
				SWIFT_VERSION = 5.0;
				TARGETED_DEVICE_FAMILY = "1,2";
				TEST_HOST = "$(BUILT_PRODUCTS_DIR)/SimonsVoss.app/SimonsVoss";
			};
			name = Release;
		};
		8BEB6424287B598E0029A311 /* Debug */ = {
			isa = XCBuildConfiguration;
			buildSettings = {
				ALWAYS_EMBED_SWIFT_STANDARD_LIBRARIES = YES;
				CODE_SIGN_STYLE = Automatic;
				CURRENT_PROJECT_VERSION = 1;
				DEVELOPMENT_TEAM = NCU4JG2P77;
				GENERATE_INFOPLIST_FILE = YES;
				MARKETING_VERSION = 1.0;
				PRODUCT_BUNDLE_IDENTIFIER = com.simonsvoss.test.SimonsVossUITests;
				PRODUCT_NAME = "$(TARGET_NAME)";
				SWIFT_EMIT_LOC_STRINGS = NO;
				SWIFT_VERSION = 5.0;
				TARGETED_DEVICE_FAMILY = "1,2";
				TEST_TARGET_NAME = SimonsVoss;
			};
			name = Debug;
		};
		8BEB6425287B598E0029A311 /* Release */ = {
			isa = XCBuildConfiguration;
			buildSettings = {
				ALWAYS_EMBED_SWIFT_STANDARD_LIBRARIES = YES;
				CODE_SIGN_STYLE = Automatic;
				CURRENT_PROJECT_VERSION = 1;
				DEVELOPMENT_TEAM = NCU4JG2P77;
				GENERATE_INFOPLIST_FILE = YES;
				MARKETING_VERSION = 1.0;
				PRODUCT_BUNDLE_IDENTIFIER = com.simonsvoss.test.SimonsVossUITests;
				PRODUCT_NAME = "$(TARGET_NAME)";
				SWIFT_EMIT_LOC_STRINGS = NO;
				SWIFT_VERSION = 5.0;
				TARGETED_DEVICE_FAMILY = "1,2";
				TEST_TARGET_NAME = SimonsVoss;
			};
			name = Release;
		};
/* End XCBuildConfiguration section */

/* Begin XCConfigurationList section */
		8BEB63EE287B598A0029A311 /* Build configuration list for PBXProject "SimonsVoss" */ = {
			isa = XCConfigurationList;
			buildConfigurations = (
				8BEB641B287B598E0029A311 /* Debug */,
				8BEB641C287B598E0029A311 /* Release */,
			);
			defaultConfigurationIsVisible = 0;
			defaultConfigurationName = Release;
		};
		8BEB641D287B598E0029A311 /* Build configuration list for PBXNativeTarget "SimonsVoss" */ = {
			isa = XCConfigurationList;
			buildConfigurations = (
				8BEB641E287B598E0029A311 /* Debug */,
				8BEB641F287B598E0029A311 /* Release */,
			);
			defaultConfigurationIsVisible = 0;
			defaultConfigurationName = Release;
		};
		8BEB6420287B598E0029A311 /* Build configuration list for PBXNativeTarget "SimonsVossTests" */ = {
			isa = XCConfigurationList;
			buildConfigurations = (
				8BEB6421287B598E0029A311 /* Debug */,
				8BEB6422287B598E0029A311 /* Release */,
			);
			defaultConfigurationIsVisible = 0;
			defaultConfigurationName = Release;
		};
		8BEB6423287B598E0029A311 /* Build configuration list for PBXNativeTarget "SimonsVossUITests" */ = {
			isa = XCConfigurationList;
			buildConfigurations = (
				8BEB6424287B598E0029A311 /* Debug */,
				8BEB6425287B598E0029A311 /* Release */,
			);
			defaultConfigurationIsVisible = 0;
			defaultConfigurationName = Release;
		};
/* End XCConfigurationList section */
	};
	rootObject = 8BEB63EB287B598A0029A311 /* Project object */;
}
