// !$*UTF8*$!
{
	archiveVersion = 1;
	classes = {
	};
	objectVersion = 55;
	objects = {

/* Begin PBXBuildFile section */
		8B3BDC04287B5D1100F79E33 /* HTTPClient.swift in Sources */ = {isa = PBXBuildFile; fileRef = 8B3BDC03287B5D1100F79E33 /* HTTPClient.swift */; };
		8B3BDC06287B5D5600F79E33 /* URLSessionHTTPClient.swift in Sources */ = {isa = PBXBuildFile; fileRef = 8B3BDC05287B5D5600F79E33 /* URLSessionHTTPClient.swift */; };
		8B3BDC08287B5DB400F79E33 /* SVEndPoints.swift in Sources */ = {isa = PBXBuildFile; fileRef = 8B3BDC07287B5DB400F79E33 /* SVEndPoints.swift */; };
		8B3BDC0B287B5E1700F79E33 /* SvLsmData.swift in Sources */ = {isa = PBXBuildFile; fileRef = 8B3BDC0A287B5E1700F79E33 /* SvLsmData.swift */; };
		8B3BDC0D287B5F4600F79E33 /* DataLoader.swift in Sources */ = {isa = PBXBuildFile; fileRef = 8B3BDC0C287B5F4600F79E33 /* DataLoader.swift */; };
		8B3BDC11287B602400F79E33 /* RemoteDataLoader.swift in Sources */ = {isa = PBXBuildFile; fileRef = 8B3BDC10287B602400F79E33 /* RemoteDataLoader.swift */; };
		8B3BDC13287B603B00F79E33 /* LockItemsMapper.swift in Sources */ = {isa = PBXBuildFile; fileRef = 8B3BDC12287B603B00F79E33 /* LockItemsMapper.swift */; };
		8B3BDC17287B612400F79E33 /* HTTPClientSpy.swift in Sources */ = {isa = PBXBuildFile; fileRef = 8B3BDC16287B612400F79E33 /* HTTPClientSpy.swift */; };
		8B3BDC19287B619F00F79E33 /* URLProtocolStub.swift in Sources */ = {isa = PBXBuildFile; fileRef = 8B3BDC18287B619F00F79E33 /* URLProtocolStub.swift */; };
		8B3BDC1D287B65F800F79E33 /* XCTestCase+MemoryLeakTracking.swift in Sources */ = {isa = PBXBuildFile; fileRef = 8B3BDC1C287B65F800F79E33 /* XCTestCase+MemoryLeakTracking.swift */; };
		8B3BDC1F287B667300F79E33 /* SharedTestHelpers.swift in Sources */ = {isa = PBXBuildFile; fileRef = 8B3BDC1E287B667300F79E33 /* SharedTestHelpers.swift */; };
		8B3BDC22287B670200F79E33 /* LoadFeedFromRemoteUseCaseTests.swift in Sources */ = {isa = PBXBuildFile; fileRef = 8B3BDC21287B670200F79E33 /* LoadFeedFromRemoteUseCaseTests.swift */; };
		8B3BDC24287B682100F79E33 /* URLSessionHTTPClientTests.swift in Sources */ = {isa = PBXBuildFile; fileRef = 8B3BDC23287B682100F79E33 /* URLSessionHTTPClientTests.swift */; };
		8B3BDC27287B68F300F79E33 /* LockListAPIEndToEndTests.swift in Sources */ = {isa = PBXBuildFile; fileRef = 8B3BDC26287B68F300F79E33 /* LockListAPIEndToEndTests.swift */; };
		8B3BDC2B287B6A1700F79E33 /* LockListViewController.swift in Sources */ = {isa = PBXBuildFile; fileRef = 8B3BDC29287B6A1700F79E33 /* LockListViewController.swift */; };
		8B3BDC2C287B6A1700F79E33 /* LockListViewController.xib in Resources */ = {isa = PBXBuildFile; fileRef = 8B3BDC2A287B6A1700F79E33 /* LockListViewController.xib */; };
		8B3BDC2E287B6A2B00F79E33 /* LockListViewModel.swift in Sources */ = {isa = PBXBuildFile; fileRef = 8B3BDC2D287B6A2B00F79E33 /* LockListViewModel.swift */; };
		8B3BDC30287B6A7F00F79E33 /* LockItem.swift in Sources */ = {isa = PBXBuildFile; fileRef = 8B3BDC2F287B6A7F00F79E33 /* LockItem.swift */; };
		8B3BDC3A287B6FDA00F79E33 /* LockListUIComposer.swift in Sources */ = {isa = PBXBuildFile; fileRef = 8B3BDC39287B6FDA00F79E33 /* LockListUIComposer.swift */; };
		8B3BDC3C287B707300F79E33 /* Coordinator.swift in Sources */ = {isa = PBXBuildFile; fileRef = 8B3BDC3B287B707300F79E33 /* Coordinator.swift */; };
		8BEB63F7287B598B0029A311 /* AppDelegate.swift in Sources */ = {isa = PBXBuildFile; fileRef = 8BEB63F6287B598B0029A311 /* AppDelegate.swift */; };
		8BEB63F9287B598B0029A311 /* SceneDelegate.swift in Sources */ = {isa = PBXBuildFile; fileRef = 8BEB63F8287B598B0029A311 /* SceneDelegate.swift */; };
		8BEB6400287B598E0029A311 /* Assets.xcassets in Resources */ = {isa = PBXBuildFile; fileRef = 8BEB63FF287B598E0029A311 /* Assets.xcassets */; };
		8BEB6403287B598E0029A311 /* LaunchScreen.storyboard in Resources */ = {isa = PBXBuildFile; fileRef = 8BEB6401287B598E0029A311 /* LaunchScreen.storyboard */; };
/* End PBXBuildFile section */

/* Begin PBXContainerItemProxy section */
		8BEB640A287B598E0029A311 /* PBXContainerItemProxy */ = {
			isa = PBXContainerItemProxy;
			containerPortal = 8BEB63EB287B598A0029A311 /* Project object */;
			proxyType = 1;
			remoteGlobalIDString = 8BEB63F2287B598B0029A311;
			remoteInfo = SimonsVoss;
		};
/* End PBXContainerItemProxy section */

/* Begin PBXFileReference section */
		8B3BDC03287B5D1100F79E33 /* HTTPClient.swift */ = {isa = PBXFileReference; lastKnownFileType = sourcecode.swift; path = HTTPClient.swift; sourceTree = "<group>"; };
		8B3BDC05287B5D5600F79E33 /* URLSessionHTTPClient.swift */ = {isa = PBXFileReference; lastKnownFileType = sourcecode.swift; path = URLSessionHTTPClient.swift; sourceTree = "<group>"; };
		8B3BDC07287B5DB400F79E33 /* SVEndPoints.swift */ = {isa = PBXFileReference; lastKnownFileType = sourcecode.swift; path = SVEndPoints.swift; sourceTree = "<group>"; };
		8B3BDC0A287B5E1700F79E33 /* SvLsmData.swift */ = {isa = PBXFileReference; lastKnownFileType = sourcecode.swift; path = SvLsmData.swift; sourceTree = "<group>"; };
		8B3BDC0C287B5F4600F79E33 /* DataLoader.swift */ = {isa = PBXFileReference; lastKnownFileType = sourcecode.swift; path = DataLoader.swift; sourceTree = "<group>"; };
		8B3BDC10287B602400F79E33 /* RemoteDataLoader.swift */ = {isa = PBXFileReference; lastKnownFileType = sourcecode.swift; path = RemoteDataLoader.swift; sourceTree = "<group>"; };
		8B3BDC12287B603B00F79E33 /* LockItemsMapper.swift */ = {isa = PBXFileReference; lastKnownFileType = sourcecode.swift; path = LockItemsMapper.swift; sourceTree = "<group>"; };
		8B3BDC16287B612400F79E33 /* HTTPClientSpy.swift */ = {isa = PBXFileReference; lastKnownFileType = sourcecode.swift; path = HTTPClientSpy.swift; sourceTree = "<group>"; };
		8B3BDC18287B619F00F79E33 /* URLProtocolStub.swift */ = {isa = PBXFileReference; lastKnownFileType = sourcecode.swift; path = URLProtocolStub.swift; sourceTree = "<group>"; };
		8B3BDC1C287B65F800F79E33 /* XCTestCase+MemoryLeakTracking.swift */ = {isa = PBXFileReference; lastKnownFileType = sourcecode.swift; path = "XCTestCase+MemoryLeakTracking.swift"; sourceTree = "<group>"; };
		8B3BDC1E287B667300F79E33 /* SharedTestHelpers.swift */ = {isa = PBXFileReference; lastKnownFileType = sourcecode.swift; path = SharedTestHelpers.swift; sourceTree = "<group>"; };
		8B3BDC21287B670200F79E33 /* LoadFeedFromRemoteUseCaseTests.swift */ = {isa = PBXFileReference; lastKnownFileType = sourcecode.swift; path = LoadFeedFromRemoteUseCaseTests.swift; sourceTree = "<group>"; };
		8B3BDC23287B682100F79E33 /* URLSessionHTTPClientTests.swift */ = {isa = PBXFileReference; lastKnownFileType = sourcecode.swift; path = URLSessionHTTPClientTests.swift; sourceTree = "<group>"; };
		8B3BDC26287B68F300F79E33 /* LockListAPIEndToEndTests.swift */ = {isa = PBXFileReference; lastKnownFileType = sourcecode.swift; path = LockListAPIEndToEndTests.swift; sourceTree = "<group>"; };
		8B3BDC29287B6A1700F79E33 /* LockListViewController.swift */ = {isa = PBXFileReference; lastKnownFileType = sourcecode.swift; path = LockListViewController.swift; sourceTree = "<group>"; };
		8B3BDC2A287B6A1700F79E33 /* LockListViewController.xib */ = {isa = PBXFileReference; lastKnownFileType = file.xib; path = LockListViewController.xib; sourceTree = "<group>"; };
		8B3BDC2D287B6A2B00F79E33 /* LockListViewModel.swift */ = {isa = PBXFileReference; lastKnownFileType = sourcecode.swift; path = LockListViewModel.swift; sourceTree = "<group>"; };
		8B3BDC2F287B6A7F00F79E33 /* LockItem.swift */ = {isa = PBXFileReference; lastKnownFileType = sourcecode.swift; path = LockItem.swift; sourceTree = "<group>"; };
		8B3BDC39287B6FDA00F79E33 /* LockListUIComposer.swift */ = {isa = PBXFileReference; lastKnownFileType = sourcecode.swift; path = LockListUIComposer.swift; sourceTree = "<group>"; };
		8B3BDC3B287B707300F79E33 /* Coordinator.swift */ = {isa = PBXFileReference; lastKnownFileType = sourcecode.swift; path = Coordinator.swift; sourceTree = "<group>"; };
		8BEB63F3287B598B0029A311 /* SimonsVoss.app */ = {isa = PBXFileReference; explicitFileType = wrapper.application; includeInIndex = 0; path = SimonsVoss.app; sourceTree = BUILT_PRODUCTS_DIR; };
		8BEB63F6287B598B0029A311 /* AppDelegate.swift */ = {isa = PBXFileReference; lastKnownFileType = sourcecode.swift; path = AppDelegate.swift; sourceTree = "<group>"; };
		8BEB63F8287B598B0029A311 /* SceneDelegate.swift */ = {isa = PBXFileReference; lastKnownFileType = sourcecode.swift; path = SceneDelegate.swift; sourceTree = "<group>"; };
		8BEB63FF287B598E0029A311 /* Assets.xcassets */ = {isa = PBXFileReference; lastKnownFileType = folder.assetcatalog; path = Assets.xcassets; sourceTree = "<group>"; };
		8BEB6402287B598E0029A311 /* Base */ = {isa = PBXFileReference; lastKnownFileType = file.storyboard; name = Base; path = Base.lproj/LaunchScreen.storyboard; sourceTree = "<group>"; };
		8BEB6404287B598E0029A311 /* Info.plist */ = {isa = PBXFileReference; lastKnownFileType = text.plist.xml; path = Info.plist; sourceTree = "<group>"; };
		8BEB6409287B598E0029A311 /* SimonsVossTests.xctest */ = {isa = PBXFileReference; explicitFileType = wrapper.cfbundle; includeInIndex = 0; path = SimonsVossTests.xctest; sourceTree = BUILT_PRODUCTS_DIR; };
/* End PBXFileReference section */

/* Begin PBXFrameworksBuildPhase section */
		8BEB63F0287B598B0029A311 /* Frameworks */ = {
			isa = PBXFrameworksBuildPhase;
			buildActionMask = 2147483647;
			files = (
			);
			runOnlyForDeploymentPostprocessing = 0;
		};
		8BEB6406287B598E0029A311 /* Frameworks */ = {
			isa = PBXFrameworksBuildPhase;
			buildActionMask = 2147483647;
			files = (
			);
			runOnlyForDeploymentPostprocessing = 0;
		};
/* End PBXFrameworksBuildPhase section */

/* Begin PBXGroup section */
		8B3BDC09287B5DD900F79E33 /* Shared */ = {
			isa = PBXGroup;
			children = (
				8B3BDC03287B5D1100F79E33 /* HTTPClient.swift */,
				8B3BDC05287B5D5600F79E33 /* URLSessionHTTPClient.swift */,
				8B3BDC07287B5DB400F79E33 /* SVEndPoints.swift */,
			);
			path = Shared;
			sourceTree = "<group>";
		};
		8B3BDC0E287B5F6900F79E33 /* Model */ = {
			isa = PBXGroup;
			children = (
				8B3BDC0A287B5E1700F79E33 /* SvLsmData.swift */,
			);
			path = Model;
			sourceTree = "<group>";
		};
		8B3BDC0F287B5F7900F79E33 /* Domain */ = {
			isa = PBXGroup;
			children = (
				8B3BDC0E287B5F6900F79E33 /* Model */,
				8B3BDC0C287B5F4600F79E33 /* DataLoader.swift */,
			);
			path = Domain;
			sourceTree = "<group>";
		};
		8B3BDC14287B606900F79E33 /* Repository */ = {
			isa = PBXGroup;
			children = (
				8B3BDC12287B603B00F79E33 /* LockItemsMapper.swift */,
				8B3BDC10287B602400F79E33 /* RemoteDataLoader.swift */,
			);
			path = Repository;
			sourceTree = "<group>";
		};
		8B3BDC15287B607700F79E33 /* Data */ = {
			isa = PBXGroup;
			children = (
				8B3BDC14287B606900F79E33 /* Repository */,
			);
			path = Data;
			sourceTree = "<group>";
		};
		8B3BDC20287B668C00F79E33 /* Helpers */ = {
			isa = PBXGroup;
			children = (
				8B3BDC1C287B65F800F79E33 /* XCTestCase+MemoryLeakTracking.swift */,
				8B3BDC1E287B667300F79E33 /* SharedTestHelpers.swift */,
			);
			path = Helpers;
			sourceTree = "<group>";
		};
		8B3BDC25287B689700F79E33 /* ListAPITests */ = {
			isa = PBXGroup;
			children = (
				8B3BDC20287B668C00F79E33 /* Helpers */,
				8B3BDC16287B612400F79E33 /* HTTPClientSpy.swift */,
				8B3BDC18287B619F00F79E33 /* URLProtocolStub.swift */,
				8B3BDC21287B670200F79E33 /* LoadFeedFromRemoteUseCaseTests.swift */,
				8B3BDC23287B682100F79E33 /* URLSessionHTTPClientTests.swift */,
			);
			path = ListAPITests;
			sourceTree = "<group>";
		};
		8B3BDC28287B692000F79E33 /* LockListAPIEndToEndTests */ = {
			isa = PBXGroup;
			children = (
				8B3BDC26287B68F300F79E33 /* LockListAPIEndToEndTests.swift */,
			);
			path = LockListAPIEndToEndTests;
			sourceTree = "<group>";
		};
		8B3BDC31287B6ABF00F79E33 /* ViewModel */ = {
			isa = PBXGroup;
			children = (
				8B3BDC2D287B6A2B00F79E33 /* LockListViewModel.swift */,
			);
			path = ViewModel;
			sourceTree = "<group>";
		};
		8B3BDC32287B6AC900F79E33 /* Model */ = {
			isa = PBXGroup;
			children = (
				8B3BDC2F287B6A7F00F79E33 /* LockItem.swift */,
			);
			path = Model;
			sourceTree = "<group>";
		};
		8B3BDC33287B6AD100F79E33 /* View */ = {
			isa = PBXGroup;
			children = (
				8B3BDC29287B6A1700F79E33 /* LockListViewController.swift */,
				8B3BDC2A287B6A1700F79E33 /* LockListViewController.xib */,
			);
			path = View;
			sourceTree = "<group>";
		};
		8B3BDC34287B6AE000F79E33 /* Presenter */ = {
			isa = PBXGroup;
			children = (
				8B3BDC32287B6AC900F79E33 /* Model */,
				8B3BDC31287B6ABF00F79E33 /* ViewModel */,
				8B3BDC33287B6AD100F79E33 /* View */,
			);
			path = Presenter;
			sourceTree = "<group>";
		};
		8B3BDC35287B6B7700F79E33 /* LocksList */ = {
			isa = PBXGroup;
			children = (
				8B3BDC15287B607700F79E33 /* Data */,
				8B3BDC0F287B5F7900F79E33 /* Domain */,
				8B3BDC34287B6AE000F79E33 /* Presenter */,
			);
			path = LocksList;
			sourceTree = "<group>";
		};
		8B3BDC36287B6B8100F79E33 /* Features */ = {
			isa = PBXGroup;
			children = (
				8B3BDC35287B6B7700F79E33 /* LocksList */,
			);
			path = Features;
			sourceTree = "<group>";
		};
		8B3BDC3D287B71F400F79E33 /* App */ = {
			isa = PBXGroup;
			children = (
				8B3BDC39287B6FDA00F79E33 /* LockListUIComposer.swift */,
				8B3BDC3B287B707300F79E33 /* Coordinator.swift */,
				8BEB63F6287B598B0029A311 /* AppDelegate.swift */,
				8BEB63F8287B598B0029A311 /* SceneDelegate.swift */,
			);
			path = App;
			sourceTree = "<group>";
		};
		8B3BDC3E287B726900F79E33 /* Resource */ = {
			isa = PBXGroup;
			children = (
				8BEB63FF287B598E0029A311 /* Assets.xcassets */,
				8BEB6401287B598E0029A311 /* LaunchScreen.storyboard */,
				8BEB6404287B598E0029A311 /* Info.plist */,
			);
			path = Resource;
			sourceTree = "<group>";
		};
		8BEB63EA287B598A0029A311 = {
			isa = PBXGroup;
			children = (
				8BEB63F5287B598B0029A311 /* SimonsVoss */,
				8BEB640C287B598E0029A311 /* SimonsVossTests */,
				8BEB63F4287B598B0029A311 /* Products */,
			);
			sourceTree = "<group>";
		};
		8BEB63F4287B598B0029A311 /* Products */ = {
			isa = PBXGroup;
			children = (
				8BEB63F3287B598B0029A311 /* SimonsVoss.app */,
				8BEB6409287B598E0029A311 /* SimonsVossTests.xctest */,
			);
			name = Products;
			sourceTree = "<group>";
		};
		8BEB63F5287B598B0029A311 /* SimonsVoss */ = {
			isa = PBXGroup;
			children = (
				8B3BDC09287B5DD900F79E33 /* Shared */,
				8B3BDC36287B6B8100F79E33 /* Features */,
				8B3BDC3D287B71F400F79E33 /* App */,
				8B3BDC3E287B726900F79E33 /* Resource */,
			);
			path = SimonsVoss;
			sourceTree = "<group>";
		};
		8BEB640C287B598E0029A311 /* SimonsVossTests */ = {
			isa = PBXGroup;
			children = (
				8B3BDC25287B689700F79E33 /* ListAPITests */,
				8B3BDC28287B692000F79E33 /* LockListAPIEndToEndTests */,
			);
			path = SimonsVossTests;
			sourceTree = "<group>";
		};
/* End PBXGroup section */

/* Begin PBXNativeTarget section */
		8BEB63F2287B598B0029A311 /* SimonsVoss */ = {
			isa = PBXNativeTarget;
			buildConfigurationList = 8BEB641D287B598E0029A311 /* Build configuration list for PBXNativeTarget "SimonsVoss" */;
			buildPhases = (
				8BEB63EF287B598B0029A311 /* Sources */,
				8BEB63F0287B598B0029A311 /* Frameworks */,
				8BEB63F1287B598B0029A311 /* Resources */,
			);
			buildRules = (
			);
			dependencies = (
			);
			name = SimonsVoss;
			productName = SimonsVoss;
			productReference = 8BEB63F3287B598B0029A311 /* SimonsVoss.app */;
			productType = "com.apple.product-type.application";
		};
		8BEB6408287B598E0029A311 /* SimonsVossTests */ = {
			isa = PBXNativeTarget;
			buildConfigurationList = 8BEB6420287B598E0029A311 /* Build configuration list for PBXNativeTarget "SimonsVossTests" */;
			buildPhases = (
				8BEB6405287B598E0029A311 /* Sources */,
				8BEB6406287B598E0029A311 /* Frameworks */,
				8BEB6407287B598E0029A311 /* Resources */,
			);
			buildRules = (
			);
			dependencies = (
				8BEB640B287B598E0029A311 /* PBXTargetDependency */,
			);
			name = SimonsVossTests;
			productName = SimonsVossTests;
			productReference = 8BEB6409287B598E0029A311 /* SimonsVossTests.xctest */;
			productType = "com.apple.product-type.bundle.unit-test";
		};
/* End PBXNativeTarget section */

/* Begin PBXProject section */
		8BEB63EB287B598A0029A311 /* Project object */ = {
			isa = PBXProject;
			attributes = {
				BuildIndependentTargetsInParallel = 1;
				LastSwiftUpdateCheck = 1320;
				LastUpgradeCheck = 1320;
				TargetAttributes = {
					8BEB63F2287B598B0029A311 = {
						CreatedOnToolsVersion = 13.2.1;
					};
					8BEB6408287B598E0029A311 = {
						CreatedOnToolsVersion = 13.2.1;
						LastSwiftMigration = 1320;
						TestTargetID = 8BEB63F2287B598B0029A311;
					};
				};
			};
			buildConfigurationList = 8BEB63EE287B598A0029A311 /* Build configuration list for PBXProject "SimonsVoss" */;
			compatibilityVersion = "Xcode 13.0";
			developmentRegion = en;
			hasScannedForEncodings = 0;
			knownRegions = (
				en,
				Base,
			);
			mainGroup = 8BEB63EA287B598A0029A311;
			productRefGroup = 8BEB63F4287B598B0029A311 /* Products */;
			projectDirPath = "";
			projectRoot = "";
			targets = (
				8BEB63F2287B598B0029A311 /* SimonsVoss */,
				8BEB6408287B598E0029A311 /* SimonsVossTests */,
			);
		};
/* End PBXProject section */

/* Begin PBXResourcesBuildPhase section */
		8BEB63F1287B598B0029A311 /* Resources */ = {
			isa = PBXResourcesBuildPhase;
			buildActionMask = 2147483647;
			files = (
				8BEB6403287B598E0029A311 /* LaunchScreen.storyboard in Resources */,
				8B3BDC2C287B6A1700F79E33 /* LockListViewController.xib in Resources */,
				8BEB6400287B598E0029A311 /* Assets.xcassets in Resources */,
			);
			runOnlyForDeploymentPostprocessing = 0;
		};
		8BEB6407287B598E0029A311 /* Resources */ = {
			isa = PBXResourcesBuildPhase;
			buildActionMask = 2147483647;
			files = (
			);
			runOnlyForDeploymentPostprocessing = 0;
		};
/* End PBXResourcesBuildPhase section */

/* Begin PBXSourcesBuildPhase section */
		8BEB63EF287B598B0029A311 /* Sources */ = {
			isa = PBXSourcesBuildPhase;
			buildActionMask = 2147483647;
			files = (
				8BEB63F7287B598B0029A311 /* AppDelegate.swift in Sources */,
				8B3BDC2B287B6A1700F79E33 /* LockListViewController.swift in Sources */,
				8BEB63F9287B598B0029A311 /* SceneDelegate.swift in Sources */,
				8B3BDC0D287B5F4600F79E33 /* DataLoader.swift in Sources */,
				8B3BDC0B287B5E1700F79E33 /* SvLsmData.swift in Sources */,
				8B3BDC04287B5D1100F79E33 /* HTTPClient.swift in Sources */,
				8B3BDC3C287B707300F79E33 /* Coordinator.swift in Sources */,
				8B3BDC08287B5DB400F79E33 /* SVEndPoints.swift in Sources */,
				8B3BDC11287B602400F79E33 /* RemoteDataLoader.swift in Sources */,
				8B3BDC13287B603B00F79E33 /* LockItemsMapper.swift in Sources */,
				8B3BDC30287B6A7F00F79E33 /* LockItem.swift in Sources */,
				8B3BDC2E287B6A2B00F79E33 /* LockListViewModel.swift in Sources */,
				8B3BDC3A287B6FDA00F79E33 /* LockListUIComposer.swift in Sources */,
				8B3BDC06287B5D5600F79E33 /* URLSessionHTTPClient.swift in Sources */,
			);
			runOnlyForDeploymentPostprocessing = 0;
		};
		8BEB6405287B598E0029A311 /* Sources */ = {
			isa = PBXSourcesBuildPhase;
			buildActionMask = 2147483647;
			files = (
				8B3BDC1F287B667300F79E33 /* SharedTestHelpers.swift in Sources */,
				8B3BDC24287B682100F79E33 /* URLSessionHTTPClientTests.swift in Sources */,
				8B3BDC17287B612400F79E33 /* HTTPClientSpy.swift in Sources */,
				8B3BDC19287B619F00F79E33 /* URLProtocolStub.swift in Sources */,
				8B3BDC27287B68F300F79E33 /* LockListAPIEndToEndTests.swift in Sources */,
				8B3BDC1D287B65F800F79E33 /* XCTestCase+MemoryLeakTracking.swift in Sources */,
				8B3BDC22287B670200F79E33 /* LoadFeedFromRemoteUseCaseTests.swift in Sources */,
			);
			runOnlyForDeploymentPostprocessing = 0;
		};
/* End PBXSourcesBuildPhase section */

/* Begin PBXTargetDependency section */
		8BEB640B287B598E0029A311 /* PBXTargetDependency */ = {
			isa = PBXTargetDependency;
			target = 8BEB63F2287B598B0029A311 /* SimonsVoss */;
			targetProxy = 8BEB640A287B598E0029A311 /* PBXContainerItemProxy */;
		};
/* End PBXTargetDependency section */

/* Begin PBXVariantGroup section */
		8BEB6401287B598E0029A311 /* LaunchScreen.storyboard */ = {
			isa = PBXVariantGroup;
			children = (
				8BEB6402287B598E0029A311 /* Base */,
			);
			name = LaunchScreen.storyboard;
			sourceTree = "<group>";
		};
/* End PBXVariantGroup section */

/* Begin XCBuildConfiguration section */
		8BEB641B287B598E0029A311 /* Debug */ = {
			isa = XCBuildConfiguration;
			buildSettings = {
				ALWAYS_SEARCH_USER_PATHS = NO;
				CLANG_ANALYZER_NONNULL = YES;
				CLANG_ANALYZER_NUMBER_OBJECT_CONVERSION = YES_AGGRESSIVE;
				CLANG_CXX_LANGUAGE_STANDARD = "gnu++17";
				CLANG_CXX_LIBRARY = "libc++";
				CLANG_ENABLE_MODULES = YES;
				CLANG_ENABLE_OBJC_ARC = YES;
				CLANG_ENABLE_OBJC_WEAK = YES;
				CLANG_WARN_BLOCK_CAPTURE_AUTORELEASING = YES;
				CLANG_WARN_BOOL_CONVERSION = YES;
				CLANG_WARN_COMMA = YES;
				CLANG_WARN_CONSTANT_CONVERSION = YES;
				CLANG_WARN_DEPRECATED_OBJC_IMPLEMENTATIONS = YES;
				CLANG_WARN_DIRECT_OBJC_ISA_USAGE = YES_ERROR;
				CLANG_WARN_DOCUMENTATION_COMMENTS = YES;
				CLANG_WARN_EMPTY_BODY = YES;
				CLANG_WARN_ENUM_CONVERSION = YES;
				CLANG_WARN_INFINITE_RECURSION = YES;
				CLANG_WARN_INT_CONVERSION = YES;
				CLANG_WARN_NON_LITERAL_NULL_CONVERSION = YES;
				CLANG_WARN_OBJC_IMPLICIT_RETAIN_SELF = YES;
				CLANG_WARN_OBJC_LITERAL_CONVERSION = YES;
				CLANG_WARN_OBJC_ROOT_CLASS = YES_ERROR;
				CLANG_WARN_QUOTED_INCLUDE_IN_FRAMEWORK_HEADER = YES;
				CLANG_WARN_RANGE_LOOP_ANALYSIS = YES;
				CLANG_WARN_STRICT_PROTOTYPES = YES;
				CLANG_WARN_SUSPICIOUS_MOVE = YES;
				CLANG_WARN_UNGUARDED_AVAILABILITY = YES_AGGRESSIVE;
				CLANG_WARN_UNREACHABLE_CODE = YES;
				CLANG_WARN__DUPLICATE_METHOD_MATCH = YES;
				COPY_PHASE_STRIP = NO;
				DEBUG_INFORMATION_FORMAT = dwarf;
				ENABLE_STRICT_OBJC_MSGSEND = YES;
				ENABLE_TESTABILITY = YES;
				GCC_C_LANGUAGE_STANDARD = gnu11;
				GCC_DYNAMIC_NO_PIC = NO;
				GCC_NO_COMMON_BLOCKS = YES;
				GCC_OPTIMIZATION_LEVEL = 0;
				GCC_PREPROCESSOR_DEFINITIONS = (
					"DEBUG=1",
					"$(inherited)",
				);
				GCC_WARN_64_TO_32_BIT_CONVERSION = YES;
				GCC_WARN_ABOUT_RETURN_TYPE = YES_ERROR;
				GCC_WARN_UNDECLARED_SELECTOR = YES;
				GCC_WARN_UNINITIALIZED_AUTOS = YES_AGGRESSIVE;
				GCC_WARN_UNUSED_FUNCTION = YES;
				GCC_WARN_UNUSED_VARIABLE = YES;
				IPHONEOS_DEPLOYMENT_TARGET = 15.2;
				MTL_ENABLE_DEBUG_INFO = INCLUDE_SOURCE;
				MTL_FAST_MATH = YES;
				ONLY_ACTIVE_ARCH = YES;
				SDKROOT = iphoneos;
				SWIFT_ACTIVE_COMPILATION_CONDITIONS = DEBUG;
				SWIFT_OPTIMIZATION_LEVEL = "-Onone";
			};
			name = Debug;
		};
		8BEB641C287B598E0029A311 /* Release */ = {
			isa = XCBuildConfiguration;
			buildSettings = {
				ALWAYS_SEARCH_USER_PATHS = NO;
				CLANG_ANALYZER_NONNULL = YES;
				CLANG_ANALYZER_NUMBER_OBJECT_CONVERSION = YES_AGGRESSIVE;
				CLANG_CXX_LANGUAGE_STANDARD = "gnu++17";
				CLANG_CXX_LIBRARY = "libc++";
				CLANG_ENABLE_MODULES = YES;
				CLANG_ENABLE_OBJC_ARC = YES;
				CLANG_ENABLE_OBJC_WEAK = YES;
				CLANG_WARN_BLOCK_CAPTURE_AUTORELEASING = YES;
				CLANG_WARN_BOOL_CONVERSION = YES;
				CLANG_WARN_COMMA = YES;
				CLANG_WARN_CONSTANT_CONVERSION = YES;
				CLANG_WARN_DEPRECATED_OBJC_IMPLEMENTATIONS = YES;
				CLANG_WARN_DIRECT_OBJC_ISA_USAGE = YES_ERROR;
				CLANG_WARN_DOCUMENTATION_COMMENTS = YES;
				CLANG_WARN_EMPTY_BODY = YES;
				CLANG_WARN_ENUM_CONVERSION = YES;
				CLANG_WARN_INFINITE_RECURSION = YES;
				CLANG_WARN_INT_CONVERSION = YES;
				CLANG_WARN_NON_LITERAL_NULL_CONVERSION = YES;
				CLANG_WARN_OBJC_IMPLICIT_RETAIN_SELF = YES;
				CLANG_WARN_OBJC_LITERAL_CONVERSION = YES;
				CLANG_WARN_OBJC_ROOT_CLASS = YES_ERROR;
				CLANG_WARN_QUOTED_INCLUDE_IN_FRAMEWORK_HEADER = YES;
				CLANG_WARN_RANGE_LOOP_ANALYSIS = YES;
				CLANG_WARN_STRICT_PROTOTYPES = YES;
				CLANG_WARN_SUSPICIOUS_MOVE = YES;
				CLANG_WARN_UNGUARDED_AVAILABILITY = YES_AGGRESSIVE;
				CLANG_WARN_UNREACHABLE_CODE = YES;
				CLANG_WARN__DUPLICATE_METHOD_MATCH = YES;
				COPY_PHASE_STRIP = NO;
				DEBUG_INFORMATION_FORMAT = "dwarf-with-dsym";
				ENABLE_NS_ASSERTIONS = NO;
				ENABLE_STRICT_OBJC_MSGSEND = YES;
				GCC_C_LANGUAGE_STANDARD = gnu11;
				GCC_NO_COMMON_BLOCKS = YES;
				GCC_WARN_64_TO_32_BIT_CONVERSION = YES;
				GCC_WARN_ABOUT_RETURN_TYPE = YES_ERROR;
				GCC_WARN_UNDECLARED_SELECTOR = YES;
				GCC_WARN_UNINITIALIZED_AUTOS = YES_AGGRESSIVE;
				GCC_WARN_UNUSED_FUNCTION = YES;
				GCC_WARN_UNUSED_VARIABLE = YES;
				IPHONEOS_DEPLOYMENT_TARGET = 15.2;
				MTL_ENABLE_DEBUG_INFO = NO;
				MTL_FAST_MATH = YES;
				SDKROOT = iphoneos;
				SWIFT_COMPILATION_MODE = wholemodule;
				SWIFT_OPTIMIZATION_LEVEL = "-O";
				VALIDATE_PRODUCT = YES;
			};
			name = Release;
		};
		8BEB641E287B598E0029A311 /* Debug */ = {
			isa = XCBuildConfiguration;
			buildSettings = {
				ASSETCATALOG_COMPILER_APPICON_NAME = AppIcon;
				ASSETCATALOG_COMPILER_GLOBAL_ACCENT_COLOR_NAME = AccentColor;
				CODE_SIGN_STYLE = Automatic;
				CURRENT_PROJECT_VERSION = 1;
				DEVELOPMENT_TEAM = NCU4JG2P77;
				GENERATE_INFOPLIST_FILE = YES;
				INFOPLIST_FILE = SimonsVoss/Resource/Info.plist;
				INFOPLIST_KEY_UIApplicationSupportsIndirectInputEvents = YES;
				INFOPLIST_KEY_UILaunchStoryboardName = LaunchScreen;
				INFOPLIST_KEY_UISupportedInterfaceOrientations_iPad = "UIInterfaceOrientationPortrait UIInterfaceOrientationPortraitUpsideDown UIInterfaceOrientationLandscapeLeft UIInterfaceOrientationLandscapeRight";
				INFOPLIST_KEY_UISupportedInterfaceOrientations_iPhone = "UIInterfaceOrientationPortrait UIInterfaceOrientationLandscapeLeft UIInterfaceOrientationLandscapeRight";
				LD_RUNPATH_SEARCH_PATHS = (
					"$(inherited)",
					"@executable_path/Frameworks",
				);
				MARKETING_VERSION = 1.0;
				PRODUCT_BUNDLE_IDENTIFIER = com.simonsvoss.test.SimonsVoss;
				PRODUCT_NAME = "$(TARGET_NAME)";
				SWIFT_EMIT_LOC_STRINGS = YES;
				SWIFT_VERSION = 5.0;
				TARGETED_DEVICE_FAMILY = "1,2";
			};
			name = Debug;
		};
		8BEB641F287B598E0029A311 /* Release */ = {
			isa = XCBuildConfiguration;
			buildSettings = {
				ASSETCATALOG_COMPILER_APPICON_NAME = AppIcon;
				ASSETCATALOG_COMPILER_GLOBAL_ACCENT_COLOR_NAME = AccentColor;
				CODE_SIGN_STYLE = Automatic;
				CURRENT_PROJECT_VERSION = 1;
				DEVELOPMENT_TEAM = NCU4JG2P77;
				GENERATE_INFOPLIST_FILE = YES;
				INFOPLIST_FILE = SimonsVoss/Resource/Info.plist;
				INFOPLIST_KEY_UIApplicationSupportsIndirectInputEvents = YES;
				INFOPLIST_KEY_UILaunchStoryboardName = LaunchScreen;
				INFOPLIST_KEY_UISupportedInterfaceOrientations_iPad = "UIInterfaceOrientationPortrait UIInterfaceOrientationPortraitUpsideDown UIInterfaceOrientationLandscapeLeft UIInterfaceOrientationLandscapeRight";
				INFOPLIST_KEY_UISupportedInterfaceOrientations_iPhone = "UIInterfaceOrientationPortrait UIInterfaceOrientationLandscapeLeft UIInterfaceOrientationLandscapeRight";
				LD_RUNPATH_SEARCH_PATHS = (
					"$(inherited)",
					"@executable_path/Frameworks",
				);
				MARKETING_VERSION = 1.0;
				PRODUCT_BUNDLE_IDENTIFIER = com.simonsvoss.test.SimonsVoss;
				PRODUCT_NAME = "$(TARGET_NAME)";
				SWIFT_EMIT_LOC_STRINGS = YES;
				SWIFT_VERSION = 5.0;
				TARGETED_DEVICE_FAMILY = "1,2";
			};
			name = Release;
		};
		8BEB6421287B598E0029A311 /* Debug */ = {
			isa = XCBuildConfiguration;
			buildSettings = {
				ALWAYS_EMBED_SWIFT_STANDARD_LIBRARIES = YES;
				BUNDLE_LOADER = "$(TEST_HOST)";
				CLANG_ENABLE_MODULES = YES;
				CODE_SIGN_STYLE = Automatic;
				CURRENT_PROJECT_VERSION = 1;
				DEVELOPMENT_TEAM = NCU4JG2P77;
				GENERATE_INFOPLIST_FILE = YES;
				IPHONEOS_DEPLOYMENT_TARGET = 15.2;
				LD_RUNPATH_SEARCH_PATHS = (
					"$(inherited)",
					"@executable_path/Frameworks",
					"@loader_path/Frameworks",
				);
				MARKETING_VERSION = 1.0;
				PRODUCT_BUNDLE_IDENTIFIER = com.simonsvoss.test.SimonsVossTests;
				PRODUCT_NAME = "$(TARGET_NAME)";
				SWIFT_EMIT_LOC_STRINGS = NO;
				SWIFT_OPTIMIZATION_LEVEL = "-Onone";
				SWIFT_VERSION = 5.0;
				TARGETED_DEVICE_FAMILY = "1,2";
				TEST_HOST = "$(BUILT_PRODUCTS_DIR)/SimonsVoss.app/SimonsVoss";
			};
			name = Debug;
		};
		8BEB6422287B598E0029A311 /* Release */ = {
			isa = XCBuildConfiguration;
			buildSettings = {
				ALWAYS_EMBED_SWIFT_STANDARD_LIBRARIES = YES;
				BUNDLE_LOADER = "$(TEST_HOST)";
				CLANG_ENABLE_MODULES = YES;
				CODE_SIGN_STYLE = Automatic;
				CURRENT_PROJECT_VERSION = 1;
				DEVELOPMENT_TEAM = NCU4JG2P77;
				GENERATE_INFOPLIST_FILE = YES;
				IPHONEOS_DEPLOYMENT_TARGET = 15.2;
				LD_RUNPATH_SEARCH_PATHS = (
					"$(inherited)",
					"@executable_path/Frameworks",
					"@loader_path/Frameworks",
				);
				MARKETING_VERSION = 1.0;
				PRODUCT_BUNDLE_IDENTIFIER = com.simonsvoss.test.SimonsVossTests;
				PRODUCT_NAME = "$(TARGET_NAME)";
				SWIFT_EMIT_LOC_STRINGS = NO;
				SWIFT_VERSION = 5.0;
				TARGETED_DEVICE_FAMILY = "1,2";
				TEST_HOST = "$(BUILT_PRODUCTS_DIR)/SimonsVoss.app/SimonsVoss";
			};
			name = Release;
		};
/* End XCBuildConfiguration section */

/* Begin XCConfigurationList section */
		8BEB63EE287B598A0029A311 /* Build configuration list for PBXProject "SimonsVoss" */ = {
			isa = XCConfigurationList;
			buildConfigurations = (
				8BEB641B287B598E0029A311 /* Debug */,
				8BEB641C287B598E0029A311 /* Release */,
			);
			defaultConfigurationIsVisible = 0;
			defaultConfigurationName = Release;
		};
		8BEB641D287B598E0029A311 /* Build configuration list for PBXNativeTarget "SimonsVoss" */ = {
			isa = XCConfigurationList;
			buildConfigurations = (
				8BEB641E287B598E0029A311 /* Debug */,
				8BEB641F287B598E0029A311 /* Release */,
			);
			defaultConfigurationIsVisible = 0;
			defaultConfigurationName = Release;
		};
		8BEB6420287B598E0029A311 /* Build configuration list for PBXNativeTarget "SimonsVossTests" */ = {
			isa = XCConfigurationList;
			buildConfigurations = (
				8BEB6421287B598E0029A311 /* Debug */,
				8BEB6422287B598E0029A311 /* Release */,
			);
			defaultConfigurationIsVisible = 0;
			defaultConfigurationName = Release;
		};
/* End XCConfigurationList section */
	};
	rootObject = 8BEB63EB287B598A0029A311 /* Project object */;
}
